
Microsoft Visual Studio Solution File, Format Version 12.00
# Visual Studio Version 17
VisualStudioVersion = 17.8.34330.188
MinimumVisualStudioVersion = 10.0.40219.1
Project("{FAE04EC0-301F-11D3-BF4B-00C04F79EFBC}") = "gitTest2", "gitTest2\gitTest2.csproj", "{A1F47972-3FF9-4B8B-BF20-32729AD7787F}"
EndProject
Global
	GlobalSection(SolutionConfigurationPlatforms) = preSolution
		Debug|Any CPU = Debug|Any CPU
		Release|Any CPU = Release|Any CPU
	EndGlobalSection
	GlobalSection(ProjectConfigurationPlatforms) = postSolution
		{A1F47972-3FF9-4B8B-BF20-32729AD7787F}.Debug|Any CPU.ActiveCfg = Debug|Any CPU
		{A1F47972-3FF9-4B8B-BF20-32729AD7787F}.Debug|Any CPU.Build.0 = Debug|Any CPU
		{A1F47972-3FF9-4B8B-BF20-32729AD7787F}.Debug|Any CPU.Deploy.0 = Debug|Any CPU
		{A1F47972-3FF9-4B8B-BF20-32729AD7787F}.Release|Any CPU.ActiveCfg = Release|Any CPU
		{A1F47972-3FF9-4B8B-BF20-32729AD7787F}.Release|Any CPU.Build.0 = Release|Any CPU
		{A1F47972-3FF9-4B8B-BF20-32729AD7787F}.Release|Any CPU.Deploy.0 = Release|Any CPU
	EndGlobalSection
	GlobalSection(SolutionProperties) = preSolution
		HideSolutionNode = FALSE
	EndGlobalSection
	GlobalSection(ExtensibilityGlobals) = postSolution
		SolutionGuid = {C7BF997D-DCA6-4B9C-A004-F298C3CDE575}
	EndGlobalSection
EndGlobal
